// !$*UTF8*$!
{
	archiveVersion = 1;
	classes = {
	};
	objectVersion = 46;
	objects = {

/* Begin PBXBuildFile section */
		135B90F163B0282D3AD03E89 /* libPods-Fzxaios.a in Frameworks */ = {isa = PBXBuildFile; fileRef = 407167C1A7481E13C2C6F374 /* libPods-Fzxaios.a */; };
		7A752FD31F40C30000986AA0 /* main.m in Sources */ = {isa = PBXBuildFile; fileRef = 7A752FD21F40C30000986AA0 /* main.m */; };
		7A752FD61F40C30000986AA0 /* AppDelegate.m in Sources */ = {isa = PBXBuildFile; fileRef = 7A752FD51F40C30000986AA0 /* AppDelegate.m */; };
		7A752FD91F40C30000986AA0 /* ViewController.m in Sources */ = {isa = PBXBuildFile; fileRef = 7A752FD81F40C30000986AA0 /* ViewController.m */; };
		7A752FDC1F40C30000986AA0 /* Main.storyboard in Resources */ = {isa = PBXBuildFile; fileRef = 7A752FDA1F40C30000986AA0 /* Main.storyboard */; };
		7A752FDE1F40C30000986AA0 /* Assets.xcassets in Resources */ = {isa = PBXBuildFile; fileRef = 7A752FDD1F40C30000986AA0 /* Assets.xcassets */; };
		7A752FE11F40C30000986AA0 /* LaunchScreen.storyboard in Resources */ = {isa = PBXBuildFile; fileRef = 7A752FDF1F40C30000986AA0 /* LaunchScreen.storyboard */; };
		7A752FEC1F40C30000986AA0 /* FzxaiosTests.m in Sources */ = {isa = PBXBuildFile; fileRef = 7A752FEB1F40C30000986AA0 /* FzxaiosTests.m */; };
		7A752FF71F40C30000986AA0 /* FzxaiosUITests.m in Sources */ = {isa = PBXBuildFile; fileRef = 7A752FF61F40C30000986AA0 /* FzxaiosUITests.m */; };
/* End PBXBuildFile section */

/* Begin PBXContainerItemProxy section */
		7A752FE81F40C30000986AA0 /* PBXContainerItemProxy */ = {
			isa = PBXContainerItemProxy;
			containerPortal = 7A752FC61F40C30000986AA0 /* Project object */;
			proxyType = 1;
			remoteGlobalIDString = 7A752FCD1F40C30000986AA0;
			remoteInfo = Fzxaios;
		};
		7A752FF31F40C30000986AA0 /* PBXContainerItemProxy */ = {
			isa = PBXContainerItemProxy;
			containerPortal = 7A752FC61F40C30000986AA0 /* Project object */;
			proxyType = 1;
			remoteGlobalIDString = 7A752FCD1F40C30000986AA0;
			remoteInfo = Fzxaios;
		};
/* End PBXContainerItemProxy section */

/* Begin PBXFileReference section */
		36268CE0B405E81877FAD754 /* Pods-Fzxaios.release.xcconfig */ = {isa = PBXFileReference; includeInIndex = 1; lastKnownFileType = text.xcconfig; name = "Pods-Fzxaios.release.xcconfig"; path = "Pods/Target Support Files/Pods-Fzxaios/Pods-Fzxaios.release.xcconfig"; sourceTree = "<group>"; };
		407167C1A7481E13C2C6F374 /* libPods-Fzxaios.a */ = {isa = PBXFileReference; explicitFileType = archive.ar; includeInIndex = 0; path = "libPods-Fzxaios.a"; sourceTree = BUILT_PRODUCTS_DIR; };
		7A752FCE1F40C30000986AA0 /* Fzxaios.app */ = {isa = PBXFileReference; explicitFileType = wrapper.application; includeInIndex = 0; path = Fzxaios.app; sourceTree = BUILT_PRODUCTS_DIR; };
		7A752FD21F40C30000986AA0 /* main.m */ = {isa = PBXFileReference; lastKnownFileType = sourcecode.c.objc; path = main.m; sourceTree = "<group>"; };
		7A752FD41F40C30000986AA0 /* AppDelegate.h */ = {isa = PBXFileReference; lastKnownFileType = sourcecode.c.h; path = AppDelegate.h; sourceTree = "<group>"; };
		7A752FD51F40C30000986AA0 /* AppDelegate.m */ = {isa = PBXFileReference; lastKnownFileType = sourcecode.c.objc; path = AppDelegate.m; sourceTree = "<group>"; };
		7A752FD71F40C30000986AA0 /* ViewController.h */ = {isa = PBXFileReference; lastKnownFileType = sourcecode.c.h; path = ViewController.h; sourceTree = "<group>"; };
		7A752FD81F40C30000986AA0 /* ViewController.m */ = {isa = PBXFileReference; lastKnownFileType = sourcecode.c.objc; path = ViewController.m; sourceTree = "<group>"; };
		7A752FDB1F40C30000986AA0 /* Base */ = {isa = PBXFileReference; lastKnownFileType = file.storyboard; name = Base; path = Base.lproj/Main.storyboard; sourceTree = "<group>"; };
		7A752FDD1F40C30000986AA0 /* Assets.xcassets */ = {isa = PBXFileReference; lastKnownFileType = folder.assetcatalog; path = Assets.xcassets; sourceTree = "<group>"; };
		7A752FE01F40C30000986AA0 /* Base */ = {isa = PBXFileReference; lastKnownFileType = file.storyboard; name = Base; path = Base.lproj/LaunchScreen.storyboard; sourceTree = "<group>"; };
		7A752FE21F40C30000986AA0 /* Info.plist */ = {isa = PBXFileReference; lastKnownFileType = text.plist.xml; path = Info.plist; sourceTree = "<group>"; };
		7A752FE71F40C30000986AA0 /* FzxaiosTests.xctest */ = {isa = PBXFileReference; explicitFileType = wrapper.cfbundle; includeInIndex = 0; path = FzxaiosTests.xctest; sourceTree = BUILT_PRODUCTS_DIR; };
		7A752FEB1F40C30000986AA0 /* FzxaiosTests.m */ = {isa = PBXFileReference; lastKnownFileType = sourcecode.c.objc; path = FzxaiosTests.m; sourceTree = "<group>"; };
		7A752FED1F40C30000986AA0 /* Info.plist */ = {isa = PBXFileReference; lastKnownFileType = text.plist.xml; path = Info.plist; sourceTree = "<group>"; };
		7A752FF21F40C30000986AA0 /* FzxaiosUITests.xctest */ = {isa = PBXFileReference; explicitFileType = wrapper.cfbundle; includeInIndex = 0; path = FzxaiosUITests.xctest; sourceTree = BUILT_PRODUCTS_DIR; };
		7A752FF61F40C30000986AA0 /* FzxaiosUITests.m */ = {isa = PBXFileReference; lastKnownFileType = sourcecode.c.objc; path = FzxaiosUITests.m; sourceTree = "<group>"; };
		7A752FF81F40C30000986AA0 /* Info.plist */ = {isa = PBXFileReference; lastKnownFileType = text.plist.xml; path = Info.plist; sourceTree = "<group>"; };
		FE8C7DDC202352518D791801 /* Pods-Fzxaios.debug.xcconfig */ = {isa = PBXFileReference; includeInIndex = 1; lastKnownFileType = text.xcconfig; name = "Pods-Fzxaios.debug.xcconfig"; path = "Pods/Target Support Files/Pods-Fzxaios/Pods-Fzxaios.debug.xcconfig"; sourceTree = "<group>"; };
/* End PBXFileReference section */

/* Begin PBXFrameworksBuildPhase section */
		7A752FCB1F40C30000986AA0 /* Frameworks */ = {
			isa = PBXFrameworksBuildPhase;
			buildActionMask = 2147483647;
			files = (
				135B90F163B0282D3AD03E89 /* libPods-Fzxaios.a in Frameworks */,
			);
			runOnlyForDeploymentPostprocessing = 0;
		};
		7A752FE41F40C30000986AA0 /* Frameworks */ = {
			isa = PBXFrameworksBuildPhase;
			buildActionMask = 2147483647;
			files = (
			);
			runOnlyForDeploymentPostprocessing = 0;
		};
		7A752FEF1F40C30000986AA0 /* Frameworks */ = {
			isa = PBXFrameworksBuildPhase;
			buildActionMask = 2147483647;
			files = (
			);
			runOnlyForDeploymentPostprocessing = 0;
		};
/* End PBXFrameworksBuildPhase section */

/* Begin PBXGroup section */
		2DDDFFBD65E7EF732D8E5B74 /* Pods */ = {
			isa = PBXGroup;
			children = (
				FE8C7DDC202352518D791801 /* Pods-Fzxaios.debug.xcconfig */,
				36268CE0B405E81877FAD754 /* Pods-Fzxaios.release.xcconfig */,
			);
			name = Pods;
			sourceTree = "<group>";
		};
		7A752FC51F40C30000986AA0 = {
			isa = PBXGroup;
			children = (
				7A752FD01F40C30000986AA0 /* Fzxaios */,
				7A752FEA1F40C30000986AA0 /* FzxaiosTests */,
				7A752FF51F40C30000986AA0 /* FzxaiosUITests */,
				7A752FCF1F40C30000986AA0 /* Products */,
				2DDDFFBD65E7EF732D8E5B74 /* Pods */,
				A96E8A658EEF51B6E75F8B19 /* Frameworks */,
			);
			sourceTree = "<group>";
		};
		7A752FCF1F40C30000986AA0 /* Products */ = {
			isa = PBXGroup;
			children = (
				7A752FCE1F40C30000986AA0 /* Fzxaios.app */,
				7A752FE71F40C30000986AA0 /* FzxaiosTests.xctest */,
				7A752FF21F40C30000986AA0 /* FzxaiosUITests.xctest */,
			);
			name = Products;
			sourceTree = "<group>";
		};
		7A752FD01F40C30000986AA0 /* Fzxaios */ = {
			isa = PBXGroup;
			children = (
				7A7530091F40C53100986AA0 /* Classes */,
				7A752FD41F40C30000986AA0 /* AppDelegate.h */,
				7A752FD51F40C30000986AA0 /* AppDelegate.m */,
				7A752FD71F40C30000986AA0 /* ViewController.h */,
				7A752FD81F40C30000986AA0 /* ViewController.m */,
				7A752FDA1F40C30000986AA0 /* Main.storyboard */,
				7A752FDD1F40C30000986AA0 /* Assets.xcassets */,
				7A752FDF1F40C30000986AA0 /* LaunchScreen.storyboard */,
				7A752FE21F40C30000986AA0 /* Info.plist */,
				7A752FD11F40C30000986AA0 /* Supporting Files */,
			);
			path = Fzxaios;
			sourceTree = "<group>";
		};
		7A752FD11F40C30000986AA0 /* Supporting Files */ = {
			isa = PBXGroup;
			children = (
				7A752FD21F40C30000986AA0 /* main.m */,
			);
			name = "Supporting Files";
			sourceTree = "<group>";
		};
		7A752FEA1F40C30000986AA0 /* FzxaiosTests */ = {
			isa = PBXGroup;
			children = (
				7A752FEB1F40C30000986AA0 /* FzxaiosTests.m */,
				7A752FED1F40C30000986AA0 /* Info.plist */,
			);
			path = FzxaiosTests;
			sourceTree = "<group>";
		};
		7A752FF51F40C30000986AA0 /* FzxaiosUITests */ = {
			isa = PBXGroup;
			children = (
				7A752FF61F40C30000986AA0 /* FzxaiosUITests.m */,
				7A752FF81F40C30000986AA0 /* Info.plist */,
			);
			path = FzxaiosUITests;
			sourceTree = "<group>";
		};
		7A7530091F40C53100986AA0 /* Classes */ = {
			isa = PBXGroup;
			children = (
				7A7530101F40C5A600986AA0 /* Home */,
			);
			path = Classes;
			sourceTree = "<group>";
		};
		7A7530101F40C5A600986AA0 /* Home */ = {
			isa = PBXGroup;
			children = (
				7A7530111F40C5A600986AA0 /* Controller */,
				7A7530121F40C5A600986AA0 /* Model */,
				7A7530131F40C5A600986AA0 /* View */,
			);
			path = Home;
			sourceTree = "<group>";
		};
		7A7530111F40C5A600986AA0 /* Controller */ = {
			isa = PBXGroup;
			children = (
			);
			path = Controller;
			sourceTree = "<group>";
		};
		7A7530121F40C5A600986AA0 /* Model */ = {
			isa = PBXGroup;
			children = (
			);
			path = Model;
			sourceTree = "<group>";
		};
		7A7530131F40C5A600986AA0 /* View */ = {
			isa = PBXGroup;
			children = (
			);
			path = View;
			sourceTree = "<group>";
		};
		A96E8A658EEF51B6E75F8B19 /* Frameworks */ = {
			isa = PBXGroup;
			children = (
				407167C1A7481E13C2C6F374 /* libPods-Fzxaios.a */,
			);
			name = Frameworks;
			sourceTree = "<group>";
		};
/* End PBXGroup section */

/* Begin PBXNativeTarget section */
		7A752FCD1F40C30000986AA0 /* Fzxaios */ = {
			isa = PBXNativeTarget;
			buildConfigurationList = 7A752FFB1F40C30000986AA0 /* Build configuration list for PBXNativeTarget "Fzxaios" */;
			buildPhases = (
				19DC99EC4D74C316F47AB8E1 /* [CP] Check Pods Manifest.lock */,
				7A752FCA1F40C30000986AA0 /* Sources */,
				7A752FCB1F40C30000986AA0 /* Frameworks */,
				7A752FCC1F40C30000986AA0 /* Resources */,
				A6F2DFB6F975E26DF23FCF05 /* [CP] Embed Pods Frameworks */,
				D025467B04E06DB8C497DC07 /* [CP] Copy Pods Resources */,
			);
			buildRules = (
			);
			dependencies = (
			);
			name = Fzxaios;
			productName = Fzxaios;
			productReference = 7A752FCE1F40C30000986AA0 /* Fzxaios.app */;
			productType = "com.apple.product-type.application";
		};
		7A752FE61F40C30000986AA0 /* FzxaiosTests */ = {
			isa = PBXNativeTarget;
			buildConfigurationList = 7A752FFE1F40C30000986AA0 /* Build configuration list for PBXNativeTarget "FzxaiosTests" */;
			buildPhases = (
				7A752FE31F40C30000986AA0 /* Sources */,
				7A752FE41F40C30000986AA0 /* Frameworks */,
				7A752FE51F40C30000986AA0 /* Resources */,
			);
			buildRules = (
			);
			dependencies = (
				7A752FE91F40C30000986AA0 /* PBXTargetDependency */,
			);
			name = FzxaiosTests;
			productName = FzxaiosTests;
			productReference = 7A752FE71F40C30000986AA0 /* FzxaiosTests.xctest */;
			productType = "com.apple.product-type.bundle.unit-test";
		};
		7A752FF11F40C30000986AA0 /* FzxaiosUITests */ = {
			isa = PBXNativeTarget;
			buildConfigurationList = 7A7530011F40C30000986AA0 /* Build configuration list for PBXNativeTarget "FzxaiosUITests" */;
			buildPhases = (
				7A752FEE1F40C30000986AA0 /* Sources */,
				7A752FEF1F40C30000986AA0 /* Frameworks */,
				7A752FF01F40C30000986AA0 /* Resources */,
			);
			buildRules = (
			);
			dependencies = (
				7A752FF41F40C30000986AA0 /* PBXTargetDependency */,
			);
			name = FzxaiosUITests;
			productName = FzxaiosUITests;
			productReference = 7A752FF21F40C30000986AA0 /* FzxaiosUITests.xctest */;
			productType = "com.apple.product-type.bundle.ui-testing";
		};
/* End PBXNativeTarget section */

/* Begin PBXProject section */
		7A752FC61F40C30000986AA0 /* Project object */ = {
			isa = PBXProject;
			attributes = {
				LastUpgradeCheck = 0830;
				ORGANIZATIONNAME = Fzxa;
				TargetAttributes = {
					7A752FCD1F40C30000986AA0 = {
						CreatedOnToolsVersion = 8.3.3;
						DevelopmentTeam = 439Y8Q8LW8;
						ProvisioningStyle = Automatic;
					};
					7A752FE61F40C30000986AA0 = {
						CreatedOnToolsVersion = 8.3.3;
						DevelopmentTeam = 439Y8Q8LW8;
						ProvisioningStyle = Automatic;
						TestTargetID = 7A752FCD1F40C30000986AA0;
					};
					7A752FF11F40C30000986AA0 = {
						CreatedOnToolsVersion = 8.3.3;
						DevelopmentTeam = 439Y8Q8LW8;
						ProvisioningStyle = Automatic;
						TestTargetID = 7A752FCD1F40C30000986AA0;
					};
				};
			};
			buildConfigurationList = 7A752FC91F40C30000986AA0 /* Build configuration list for PBXProject "Fzxaios" */;
			compatibilityVersion = "Xcode 3.2";
			developmentRegion = English;
			hasScannedForEncodings = 0;
			knownRegions = (
				en,
				Base,
			);
			mainGroup = 7A752FC51F40C30000986AA0;
			productRefGroup = 7A752FCF1F40C30000986AA0 /* Products */;
			projectDirPath = "";
			projectRoot = "";
			targets = (
				7A752FCD1F40C30000986AA0 /* Fzxaios */,
				7A752FE61F40C30000986AA0 /* FzxaiosTests */,
				7A752FF11F40C30000986AA0 /* FzxaiosUITests */,
			);
		};
/* End PBXProject section */

/* Begin PBXResourcesBuildPhase section */
		7A752FCC1F40C30000986AA0 /* Resources */ = {
			isa = PBXResourcesBuildPhase;
			buildActionMask = 2147483647;
			files = (
				7A752FE11F40C30000986AA0 /* LaunchScreen.storyboard in Resources */,
				7A752FDE1F40C30000986AA0 /* Assets.xcassets in Resources */,
				7A752FDC1F40C30000986AA0 /* Main.storyboard in Resources */,
			);
			runOnlyForDeploymentPostprocessing = 0;
		};
		7A752FE51F40C30000986AA0 /* Resources */ = {
			isa = PBXResourcesBuildPhase;
			buildActionMask = 2147483647;
			files = (
			);
			runOnlyForDeploymentPostprocessing = 0;
		};
		7A752FF01F40C30000986AA0 /* Resources */ = {
			isa = PBXResourcesBuildPhase;
			buildActionMask = 2147483647;
			files = (
			);
			runOnlyForDeploymentPostprocessing = 0;
		};
/* End PBXResourcesBuildPhase section */

/* Begin PBXShellScriptBuildPhase section */
		19DC99EC4D74C316F47AB8E1 /* [CP] Check Pods Manifest.lock */ = {
			isa = PBXShellScriptBuildPhase;
			buildActionMask = 2147483647;
			files = (
			);
			inputPaths = (
				"${PODS_PODFILE_DIR_PATH}/Podfile.lock",
				"${PODS_ROOT}/Manifest.lock",
			);
			name = "[CP] Check Pods Manifest.lock";
			outputPaths = (
				"$(DERIVED_FILE_DIR)/Pods-Fzxaios-checkManifestLockResult.txt",
			);
			runOnlyForDeploymentPostprocessing = 0;
			shellPath = /bin/sh;
			shellScript = "diff \"${PODS_PODFILE_DIR_PATH}/Podfile.lock\" \"${PODS_ROOT}/Manifest.lock\" > /dev/null\nif [ $? != 0 ] ; then\n    # print error to STDERR\n    echo \"error: The sandbox is not in sync with the Podfile.lock. Run 'pod install' or update your CocoaPods installation.\" >&2\n    exit 1\nfi\n# This output is used by Xcode 'outputs' to avoid re-running this script phase.\necho \"SUCCESS\" > \"${SCRIPT_OUTPUT_FILE_0}\"\n";
			showEnvVarsInLog = 0;
		};
		A6F2DFB6F975E26DF23FCF05 /* [CP] Embed Pods Frameworks */ = {
			isa = PBXShellScriptBuildPhase;
			buildActionMask = 2147483647;
			files = (
			);
			inputPaths = (
			);
			name = "[CP] Embed Pods Frameworks";
			outputPaths = (
			);
			runOnlyForDeploymentPostprocessing = 0;
			shellPath = /bin/sh;
			shellScript = "\"${SRCROOT}/Pods/Target Support Files/Pods-Fzxaios/Pods-Fzxaios-frameworks.sh\"\n";
			showEnvVarsInLog = 0;
		};
		D025467B04E06DB8C497DC07 /* [CP] Copy Pods Resources */ = {
			isa = PBXShellScriptBuildPhase;
			buildActionMask = 2147483647;
			files = (
			);
			inputPaths = (
				"${SRCROOT}/Pods/Target Support Files/Pods-Fzxaios/Pods-Fzxaios-resources.sh",
				"${PODS_ROOT}/MJRefresh/MJRefreshExample/MJRefreshExample/MJRefresh/MJRefresh.bundle",
				"${PODS_ROOT}/SVProgressHUD/SVProgressHUD/SVProgressHUD.bundle",
			);
			name = "[CP] Copy Pods Resources";
			outputPaths = (
				"${TARGET_BUILD_DIR}/${UNLOCALIZED_RESOURCES_FOLDER_PATH}",
			);
			runOnlyForDeploymentPostprocessing = 0;
			shellPath = /bin/sh;
			shellScript = "\"${SRCROOT}/Pods/Target Support Files/Pods-Fzxaios/Pods-Fzxaios-resources.sh\"\n";
			showEnvVarsInLog = 0;
		};
/* End PBXShellScriptBuildPhase section */

/* Begin PBXSourcesBuildPhase section */
		7A752FCA1F40C30000986AA0 /* Sources */ = {
			isa = PBXSourcesBuildPhase;
			buildActionMask = 2147483647;
			files = (
				7A752FD91F40C30000986AA0 /* ViewController.m in Sources */,
				7A752FD61F40C30000986AA0 /* AppDelegate.m in Sources */,
				7A752FD31F40C30000986AA0 /* main.m in Sources */,
			);
			runOnlyForDeploymentPostprocessing = 0;
		};
		7A752FE31F40C30000986AA0 /* Sources */ = {
			isa = PBXSourcesBuildPhase;
			buildActionMask = 2147483647;
			files = (
				7A752FEC1F40C30000986AA0 /* FzxaiosTests.m in Sources */,
			);
			runOnlyForDeploymentPostprocessing = 0;
		};
		7A752FEE1F40C30000986AA0 /* Sources */ = {
			isa = PBXSourcesBuildPhase;
			buildActionMask = 2147483647;
			files = (
				7A752FF71F40C30000986AA0 /* FzxaiosUITests.m in Sources */,
			);
			runOnlyForDeploymentPostprocessing = 0;
		};
/* End PBXSourcesBuildPhase section */

/* Begin PBXTargetDependency section */
		7A752FE91F40C30000986AA0 /* PBXTargetDependency */ = {
			isa = PBXTargetDependency;
			target = 7A752FCD1F40C30000986AA0 /* Fzxaios */;
			targetProxy = 7A752FE81F40C30000986AA0 /* PBXContainerItemProxy */;
		};
		7A752FF41F40C30000986AA0 /* PBXTargetDependency */ = {
			isa = PBXTargetDependency;
			target = 7A752FCD1F40C30000986AA0 /* Fzxaios */;
			targetProxy = 7A752FF31F40C30000986AA0 /* PBXContainerItemProxy */;
		};
/* End PBXTargetDependency section */

/* Begin PBXVariantGroup section */
		7A752FDA1F40C30000986AA0 /* Main.storyboard */ = {
			isa = PBXVariantGroup;
			children = (
				7A752FDB1F40C30000986AA0 /* Base */,
			);
			name = Main.storyboard;
			sourceTree = "<group>";
		};
		7A752FDF1F40C30000986AA0 /* LaunchScreen.storyboard */ = {
			isa = PBXVariantGroup;
			children = (
				7A752FE01F40C30000986AA0 /* Base */,
			);
			name = LaunchScreen.storyboard;
			sourceTree = "<group>";
		};
/* End PBXVariantGroup section */

/* Begin XCBuildConfiguration section */
		7A752FF91F40C30000986AA0 /* Debug */ = {
			isa = XCBuildConfiguration;
			buildSettings = {
				ALWAYS_SEARCH_USER_PATHS = NO;
				CLANG_ANALYZER_NONNULL = YES;
				CLANG_ANALYZER_NUMBER_OBJECT_CONVERSION = YES_AGGRESSIVE;
				CLANG_CXX_LANGUAGE_STANDARD = "gnu++0x";
				CLANG_CXX_LIBRARY = "libc++";
				CLANG_ENABLE_MODULES = YES;
				CLANG_ENABLE_OBJC_ARC = YES;
				CLANG_WARN_BOOL_CONVERSION = YES;
				CLANG_WARN_CONSTANT_CONVERSION = YES;
				CLANG_WARN_DIRECT_OBJC_ISA_USAGE = YES_ERROR;
				CLANG_WARN_DOCUMENTATION_COMMENTS = YES;
				CLANG_WARN_EMPTY_BODY = YES;
				CLANG_WARN_ENUM_CONVERSION = YES;
				CLANG_WARN_INFINITE_RECURSION = YES;
				CLANG_WARN_INT_CONVERSION = YES;
				CLANG_WARN_OBJC_ROOT_CLASS = YES_ERROR;
				CLANG_WARN_SUSPICIOUS_MOVE = YES;
				CLANG_WARN_UNREACHABLE_CODE = YES;
				CLANG_WARN__DUPLICATE_METHOD_MATCH = YES;
				"CODE_SIGN_IDENTITY[sdk=iphoneos*]" = "iPhone Developer";
				COPY_PHASE_STRIP = NO;
				DEBUG_INFORMATION_FORMAT = dwarf;
				ENABLE_STRICT_OBJC_MSGSEND = YES;
				ENABLE_TESTABILITY = YES;
				GCC_C_LANGUAGE_STANDARD = gnu99;
				GCC_DYNAMIC_NO_PIC = NO;
				GCC_NO_COMMON_BLOCKS = YES;
				GCC_OPTIMIZATION_LEVEL = 0;
				GCC_PREPROCESSOR_DEFINITIONS = (
					"DEBUG=1",
					"$(inherited)",
				);
				GCC_WARN_64_TO_32_BIT_CONVERSION = YES;
				GCC_WARN_ABOUT_RETURN_TYPE = YES_ERROR;
				GCC_WARN_UNDECLARED_SELECTOR = YES;
				GCC_WARN_UNINITIALIZED_AUTOS = YES_AGGRESSIVE;
				GCC_WARN_UNUSED_FUNCTION = YES;
				GCC_WARN_UNUSED_VARIABLE = YES;
				IPHONEOS_DEPLOYMENT_TARGET = 10.3;
				MTL_ENABLE_DEBUG_INFO = YES;
				ONLY_ACTIVE_ARCH = YES;
				SDKROOT = iphoneos;
			};
			name = Debug;
		};
		7A752FFA1F40C30000986AA0 /* Release */ = {
			isa = XCBuildConfiguration;
			buildSettings = {
				ALWAYS_SEARCH_USER_PATHS = NO;
				CLANG_ANALYZER_NONNULL = YES;
				CLANG_ANALYZER_NUMBER_OBJECT_CONVERSION = YES_AGGRESSIVE;
				CLANG_CXX_LANGUAGE_STANDARD = "gnu++0x";
				CLANG_CXX_LIBRARY = "libc++";
				CLANG_ENABLE_MODULES = YES;
				CLANG_ENABLE_OBJC_ARC = YES;
				CLANG_WARN_BOOL_CONVERSION = YES;
				CLANG_WARN_CONSTANT_CONVERSION = YES;
				CLANG_WARN_DIRECT_OBJC_ISA_USAGE = YES_ERROR;
				CLANG_WARN_DOCUMENTATION_COMMENTS = YES;
				CLANG_WARN_EMPTY_BODY = YES;
				CLANG_WARN_ENUM_CONVERSION = YES;
				CLANG_WARN_INFINITE_RECURSION = YES;
				CLANG_WARN_INT_CONVERSION = YES;
				CLANG_WARN_OBJC_ROOT_CLASS = YES_ERROR;
				CLANG_WARN_SUSPICIOUS_MOVE = YES;
				CLANG_WARN_UNREACHABLE_CODE = YES;
				CLANG_WARN__DUPLICATE_METHOD_MATCH = YES;
				"CODE_SIGN_IDENTITY[sdk=iphoneos*]" = "iPhone Developer";
				COPY_PHASE_STRIP = NO;
				DEBUG_INFORMATION_FORMAT = "dwarf-with-dsym";
				ENABLE_NS_ASSERTIONS = NO;
				ENABLE_STRICT_OBJC_MSGSEND = YES;
				GCC_C_LANGUAGE_STANDARD = gnu99;
				GCC_NO_COMMON_BLOCKS = YES;
				GCC_WARN_64_TO_32_BIT_CONVERSION = YES;
				GCC_WARN_ABOUT_RETURN_TYPE = YES_ERROR;
				GCC_WARN_UNDECLARED_SELECTOR = YES;
				GCC_WARN_UNINITIALIZED_AUTOS = YES_AGGRESSIVE;
				GCC_WARN_UNUSED_FUNCTION = YES;
				GCC_WARN_UNUSED_VARIABLE = YES;
				IPHONEOS_DEPLOYMENT_TARGET = 10.3;
				MTL_ENABLE_DEBUG_INFO = NO;
				SDKROOT = iphoneos;
				VALIDATE_PRODUCT = YES;
			};
			name = Release;
		};
		7A752FFC1F40C30000986AA0 /* Debug */ = {
			isa = XCBuildConfiguration;
			baseConfigurationReference = FE8C7DDC202352518D791801 /* Pods-Fzxaios.debug.xcconfig */;
			buildSettings = {
				ASSETCATALOG_COMPILER_APPICON_NAME = AppIcon;
				DEVELOPMENT_TEAM = 439Y8Q8LW8;
				INFOPLIST_FILE = Fzxaios/Info.plist;
				LD_RUNPATH_SEARCH_PATHS = "$(inherited) @executable_path/Frameworks";
				PRODUCT_BUNDLE_IDENTIFIER = com.fzxa.Fzxaios;
				PRODUCT_NAME = "$(TARGET_NAME)";
			};
			name = Debug;
		};
		7A752FFD1F40C30000986AA0 /* Release */ = {
			isa = XCBuildConfiguration;
			baseConfigurationReference = 36268CE0B405E81877FAD754 /* Pods-Fzxaios.release.xcconfig */;
			buildSettings = {
				ASSETCATALOG_COMPILER_APPICON_NAME = AppIcon;
				DEVELOPMENT_TEAM = 439Y8Q8LW8;
				INFOPLIST_FILE = Fzxaios/Info.plist;
				LD_RUNPATH_SEARCH_PATHS = "$(inherited) @executable_path/Frameworks";
				PRODUCT_BUNDLE_IDENTIFIER = com.fzxa.Fzxaios;
				PRODUCT_NAME = "$(TARGET_NAME)";
			};
			name = Release;
		};
		7A752FFF1F40C30000986AA0 /* Debug */ = {
			isa = XCBuildConfiguration;
			buildSettings = {
				BUNDLE_LOADER = "$(TEST_HOST)";
				DEVELOPMENT_TEAM = 439Y8Q8LW8;
				INFOPLIST_FILE = FzxaiosTests/Info.plist;
				LD_RUNPATH_SEARCH_PATHS = "$(inherited) @executable_path/Frameworks @loader_path/Frameworks";
				PRODUCT_BUNDLE_IDENTIFIER = com.fzxa.FzxaiosTests;
				PRODUCT_NAME = "$(TARGET_NAME)";
				TEST_HOST = "$(BUILT_PRODUCTS_DIR)/Fzxaios.app/Fzxaios";
			};
			name = Debug;
		};
		7A7530001F40C30000986AA0 /* Release */ = {
			isa = XCBuildConfiguration;
			buildSettings = {
				BUNDLE_LOADER = "$(TEST_HOST)";
				DEVELOPMENT_TEAM = 439Y8Q8LW8;
				INFOPLIST_FILE = FzxaiosTests/Info.plist;
				LD_RUNPATH_SEARCH_PATHS = "$(inherited) @executable_path/Frameworks @loader_path/Frameworks";
				PRODUCT_BUNDLE_IDENTIFIER = com.fzxa.FzxaiosTests;
				PRODUCT_NAME = "$(TARGET_NAME)";
				TEST_HOST = "$(BUILT_PRODUCTS_DIR)/Fzxaios.app/Fzxaios";
			};
			name = Release;
		};
		7A7530021F40C30000986AA0 /* Debug */ = {
			isa = XCBuildConfiguration;
			buildSettings = {
				DEVELOPMENT_TEAM = 439Y8Q8LW8;
				INFOPLIST_FILE = FzxaiosUITests/Info.plist;
				LD_RUNPATH_SEARCH_PATHS = "$(inherited) @executable_path/Frameworks @loader_path/Frameworks";
				PRODUCT_BUNDLE_IDENTIFIER = com.fzxa.FzxaiosUITests;
				PRODUCT_NAME = "$(TARGET_NAME)";
				TEST_TARGET_NAME = Fzxaios;
			};
			name = Debug;
		};
		7A7530031F40C30000986AA0 /* Release */ = {
			isa = XCBuildConfiguration;
			buildSettings = {
				DEVELOPMENT_TEAM = 439Y8Q8LW8;
				INFOPLIST_FILE = FzxaiosUITests/Info.plist;
				LD_RUNPATH_SEARCH_PATHS = "$(inherited) @executable_path/Frameworks @loader_path/Frameworks";
				PRODUCT_BUNDLE_IDENTIFIER = com.fzxa.FzxaiosUITests;
				PRODUCT_NAME = "$(TARGET_NAME)";
				TEST_TARGET_NAME = Fzxaios;
			};
			name = Release;
		};
/* End XCBuildConfiguration section */

/* Begin XCConfigurationList section */
		7A752FC91F40C30000986AA0 /* Build configuration list for PBXProject "Fzxaios" */ = {
			isa = XCConfigurationList;
			buildConfigurations = (
				7A752FF91F40C30000986AA0 /* Debug */,
				7A752FFA1F40C30000986AA0 /* Release */,
			);
			defaultConfigurationIsVisible = 0;
			defaultConfigurationName = Release;
		};
		7A752FFB1F40C30000986AA0 /* Build configuration list for PBXNativeTarget "Fzxaios" */ = {
			isa = XCConfigurationList;
			buildConfigurations = (
				7A752FFC1F40C30000986AA0 /* Debug */,
				7A752FFD1F40C30000986AA0 /* Release */,
			);
			defaultConfigurationIsVisible = 0;
			defaultConfigurationName = Release;
		};
		7A752FFE1F40C30000986AA0 /* Build configuration list for PBXNativeTarget "FzxaiosTests" */ = {
			isa = XCConfigurationList;
			buildConfigurations = (
				7A752FFF1F40C30000986AA0 /* Debug */,
				7A7530001F40C30000986AA0 /* Release */,
			);
			defaultConfigurationIsVisible = 0;
			defaultConfigurationName = Release;
		};
		7A7530011F40C30000986AA0 /* Build configuration list for PBXNativeTarget "FzxaiosUITests" */ = {
			isa = XCConfigurationList;
			buildConfigurations = (
				7A7530021F40C30000986AA0 /* Debug */,
				7A7530031F40C30000986AA0 /* Release */,
			);
			defaultConfigurationIsVisible = 0;
			defaultConfigurationName = Release;
		};
/* End XCConfigurationList section */
	};
	rootObject = 7A752FC61F40C30000986AA0 /* Project object */;
}
